
Microsoft Visual Studio Solution File, Format Version 12.00
# Visual Studio Version 17
VisualStudioVersion = 17.6.33829.357
MinimumVisualStudioVersion = 10.0.40219.1
Project("{FAE04EC0-301F-11D3-BF4B-00C04F79EFBC}") = "Practice_LinQ", "Practice_LinQ\Practice_LinQ.csproj", "{A3ADF28E-612B-4DD6-A76D-B2CD88686A5D}"
EndProject
Global
	GlobalSection(SolutionConfigurationPlatforms) = preSolution
		Debug|Any CPU = Debug|Any CPU
		Release|Any CPU = Release|Any CPU
	EndGlobalSection
	GlobalSection(ProjectConfigurationPlatforms) = postSolution
		{A3ADF28E-612B-4DD6-A76D-B2CD88686A5D}.Debug|Any CPU.ActiveCfg = Debug|Any CPU
		{A3ADF28E-612B-4DD6-A76D-B2CD88686A5D}.Debug|Any CPU.Build.0 = Debug|Any CPU
		{A3ADF28E-612B-4DD6-A76D-B2CD88686A5D}.Release|Any CPU.ActiveCfg = Release|Any CPU
		{A3ADF28E-612B-4DD6-A76D-B2CD88686A5D}.Release|Any CPU.Build.0 = Release|Any CPU
	EndGlobalSection
	GlobalSection(SolutionProperties) = preSolution
		HideSolutionNode = FALSE
	EndGlobalSection
	GlobalSection(ExtensibilityGlobals) = postSolution
		SolutionGuid = {53C7EE8E-EF36-405F-9185-6A0245394E8D}
	EndGlobalSection
EndGlobal
